
Microsoft Visual Studio Solution File, Format Version 12.00
# Visual Studio 15
VisualStudioVersion = 15.0.28010.2003
MinimumVisualStudioVersion = 10.0.40219.1
Project("{FAE04EC0-301F-11D3-BF4B-00C04F79EFBC}") = "capstoneProjected", "capstoneProjected\capstoneProjected.csproj", "{4E5FFF30-B8DA-48A9-B130-DBE1C1DBC821}"
EndProject
Global
	GlobalSection(SolutionConfigurationPlatforms) = preSolution
		Debug|Any CPU = Debug|Any CPU
		Release|Any CPU = Release|Any CPU
	EndGlobalSection
	GlobalSection(ProjectConfigurationPlatforms) = postSolution
		{4E5FFF30-B8DA-48A9-B130-DBE1C1DBC821}.Debug|Any CPU.ActiveCfg = Debug|Any CPU
		{4E5FFF30-B8DA-48A9-B130-DBE1C1DBC821}.Debug|Any CPU.Build.0 = Debug|Any CPU
		{4E5FFF30-B8DA-48A9-B130-DBE1C1DBC821}.Release|Any CPU.ActiveCfg = Release|Any CPU
		{4E5FFF30-B8DA-48A9-B130-DBE1C1DBC821}.Release|Any CPU.Build.0 = Release|Any CPU
	EndGlobalSection
	GlobalSection(SolutionProperties) = preSolution
		HideSolutionNode = FALSE
	EndGlobalSection
	GlobalSection(ExtensibilityGlobals) = postSolution
		SolutionGuid = {25BD25A2-D744-458A-85E8-BDAF3B57667E}
	EndGlobalSection
EndGlobal
